
Microsoft Visual Studio Solution File, Format Version 12.00
# Visual Studio Version 17
VisualStudioVersion = 17.9.34902.65
MinimumVisualStudioVersion = 10.0.40219.1
Project("{2150E333-8FDC-42A3-9474-1A3956D46DE8}") = "web_api", "web_api", "{38768ACF-1098-4268-A3A4-044C6A969A53}"
EndProject
Project("{2150E333-8FDC-42A3-9474-1A3956D46DE8}") = "1 - HTTP Methods", "1 - HTTP Methods", "{E4054971-33CB-4FAD-998A-FDFE27E1C888}"
EndProject
Project("{FAE04EC0-301F-11D3-BF4B-00C04F79EFBC}") = "http_methods", "web_api\1 - HTTP Methods\http_methods\http_methods.csproj", "{0008DE83-C554-41A2-8799-7BB33BF95624}"
EndProject
Global
	GlobalSection(SolutionConfigurationPlatforms) = preSolution
		Debug|Any CPU = Debug|Any CPU
		Release|Any CPU = Release|Any CPU
	EndGlobalSection
	GlobalSection(ProjectConfigurationPlatforms) = postSolution
		{0008DE83-C554-41A2-8799-7BB33BF95624}.Debug|Any CPU.ActiveCfg = Debug|Any CPU
		{0008DE83-C554-41A2-8799-7BB33BF95624}.Debug|Any CPU.Build.0 = Debug|Any CPU
		{0008DE83-C554-41A2-8799-7BB33BF95624}.Release|Any CPU.ActiveCfg = Release|Any CPU
		{0008DE83-C554-41A2-8799-7BB33BF95624}.Release|Any CPU.Build.0 = Release|Any CPU
	EndGlobalSection
	GlobalSection(SolutionProperties) = preSolution
		HideSolutionNode = FALSE
	EndGlobalSection
	GlobalSection(NestedProjects) = preSolution
		{E4054971-33CB-4FAD-998A-FDFE27E1C888} = {38768ACF-1098-4268-A3A4-044C6A969A53}
		{0008DE83-C554-41A2-8799-7BB33BF95624} = {E4054971-33CB-4FAD-998A-FDFE27E1C888}
	EndGlobalSection
	GlobalSection(ExtensibilityGlobals) = postSolution
		SolutionGuid = {5F38CF90-F91A-45D4-83A5-B66267016FA8}
	EndGlobalSection
EndGlobal
