
Microsoft Visual Studio Solution File, Format Version 12.00
# Visual Studio Version 17
VisualStudioVersion = 17.9.34902.65
MinimumVisualStudioVersion = 10.0.40219.1
Project("{2150E333-8FDC-42A3-9474-1A3956D46DE8}") = "web_api", "web_api", "{38768ACF-1098-4268-A3A4-044C6A969A53}"
EndProject
Project("{2150E333-8FDC-42A3-9474-1A3956D46DE8}") = "1 - HTTP Methods", "1 - HTTP Methods", "{E4054971-33CB-4FAD-998A-FDFE27E1C888}"
EndProject
Project("{9A19103F-16F7-4668-BE54-9A1E7A4F7556}") = "http_methods", "web_api\1 - HTTP Methods\http_methods\http_methods.csproj", "{0008DE83-C554-41A2-8799-7BB33BF95624}"
EndProject
Project("{2150E333-8FDC-42A3-9474-1A3956D46DE8}") = "2 - Return Types in Web API", "2 - Return Types in Web API", "{99C7576F-458E-4FD8-98E9-8829A8B20A95}"
EndProject
Project("{9A19103F-16F7-4668-BE54-9A1E7A4F7556}") = "return_type_in_webapi", "web_api\2 - Return Types in Web API\return_type_in_webapi\return_type_in_webapi.csproj", "{36A79F03-ED62-4246-B7CB-E700CFDBE2D5}"
EndProject
Project("{2150E333-8FDC-42A3-9474-1A3956D46DE8}") = "3 - Principle of REST", "3 - Principle of REST", "{6679190A-7B66-424F-9849-B936D51037A2}"
EndProject
Project("{9A19103F-16F7-4668-BE54-9A1E7A4F7556}") = "principle_of_rest_architecture", "web_api\3 - Principle of REST\principle_of_rest_architecture\principle_of_rest_architecture.csproj", "{B3A77FA3-02AE-433F-9BF7-361A2E665E7D}"
EndProject
Project("{2150E333-8FDC-42A3-9474-1A3956D46DE8}") = "4 - Routing In Web API", "4 - Routing In Web API", "{088299D6-DB29-4559-B331-CE48F637C55A}"
EndProject
Project("{9A19103F-16F7-4668-BE54-9A1E7A4F7556}") = "routing_in_web_api", "web_api\4 - Routing In Web API\routing_in_web_api\routing_in_web_api.csproj", "{D77E4474-958F-43EF-B99F-C1B2A67B4FD6}"
EndProject
Project("{2150E333-8FDC-42A3-9474-1A3956D46DE8}") = "5 - IActionResult in Web API", "5 - IActionResult in Web API", "{B5013A88-65A6-4363-BEE3-6E50A36A821F}"
EndProject
Project("{9A19103F-16F7-4668-BE54-9A1E7A4F7556}") = "IActionResult_in_web_api", "web_api\5 - IActionResult in Web API\IActionResult_in_web_api\IActionResult_in_web_api.csproj", "{C5561467-13BF-4C8F-A7C8-1D3A1528EE04}"
EndProject
Project("{2150E333-8FDC-42A3-9474-1A3956D46DE8}") = "6 - Exception Filters in Web API", "6 - Exception Filters in Web API", "{DD7F2278-4561-429A-8030-D4106B56F41B}"
EndProject
Project("{9A19103F-16F7-4668-BE54-9A1E7A4F7556}") = "exception_filter", "web_api\6 - Exception Filters in Web API\exception_filter\exception_filter.csproj", "{551375E3-9504-450A-9481-CD9AEA7E7029}"
EndProject
Project("{2150E333-8FDC-42A3-9474-1A3956D46DE8}") = "7 - Error Handling in Web API", "7 - Error Handling in Web API", "{8521FA8A-D134-4B14-84EF-B79B55719A4B}"
EndProject
Project("{FAE04EC0-301F-11D3-BF4B-00C04F79EFBC}") = "error_handling_in_webapi", "web_api\7 - Error Handling in Web API\error_handling_in_webapi\error_handling_in_webapi.csproj", "{C88F70C8-5B54-442A-9C64-540D865D27D7}"
EndProject
Global
	GlobalSection(SolutionConfigurationPlatforms) = preSolution
		Debug|Any CPU = Debug|Any CPU
		Release|Any CPU = Release|Any CPU
	EndGlobalSection
	GlobalSection(ProjectConfigurationPlatforms) = postSolution
		{0008DE83-C554-41A2-8799-7BB33BF95624}.Debug|Any CPU.ActiveCfg = Debug|Any CPU
		{0008DE83-C554-41A2-8799-7BB33BF95624}.Debug|Any CPU.Build.0 = Debug|Any CPU
		{0008DE83-C554-41A2-8799-7BB33BF95624}.Release|Any CPU.ActiveCfg = Release|Any CPU
		{0008DE83-C554-41A2-8799-7BB33BF95624}.Release|Any CPU.Build.0 = Release|Any CPU
		{36A79F03-ED62-4246-B7CB-E700CFDBE2D5}.Debug|Any CPU.ActiveCfg = Debug|Any CPU
		{36A79F03-ED62-4246-B7CB-E700CFDBE2D5}.Debug|Any CPU.Build.0 = Debug|Any CPU
		{36A79F03-ED62-4246-B7CB-E700CFDBE2D5}.Release|Any CPU.ActiveCfg = Release|Any CPU
		{36A79F03-ED62-4246-B7CB-E700CFDBE2D5}.Release|Any CPU.Build.0 = Release|Any CPU
		{B3A77FA3-02AE-433F-9BF7-361A2E665E7D}.Debug|Any CPU.ActiveCfg = Debug|Any CPU
		{B3A77FA3-02AE-433F-9BF7-361A2E665E7D}.Debug|Any CPU.Build.0 = Debug|Any CPU
		{B3A77FA3-02AE-433F-9BF7-361A2E665E7D}.Release|Any CPU.ActiveCfg = Release|Any CPU
		{B3A77FA3-02AE-433F-9BF7-361A2E665E7D}.Release|Any CPU.Build.0 = Release|Any CPU
		{D77E4474-958F-43EF-B99F-C1B2A67B4FD6}.Debug|Any CPU.ActiveCfg = Debug|Any CPU
		{D77E4474-958F-43EF-B99F-C1B2A67B4FD6}.Debug|Any CPU.Build.0 = Debug|Any CPU
		{D77E4474-958F-43EF-B99F-C1B2A67B4FD6}.Release|Any CPU.ActiveCfg = Release|Any CPU
		{D77E4474-958F-43EF-B99F-C1B2A67B4FD6}.Release|Any CPU.Build.0 = Release|Any CPU
		{C5561467-13BF-4C8F-A7C8-1D3A1528EE04}.Debug|Any CPU.ActiveCfg = Debug|Any CPU
		{C5561467-13BF-4C8F-A7C8-1D3A1528EE04}.Debug|Any CPU.Build.0 = Debug|Any CPU
		{C5561467-13BF-4C8F-A7C8-1D3A1528EE04}.Release|Any CPU.ActiveCfg = Release|Any CPU
		{C5561467-13BF-4C8F-A7C8-1D3A1528EE04}.Release|Any CPU.Build.0 = Release|Any CPU
		{551375E3-9504-450A-9481-CD9AEA7E7029}.Debug|Any CPU.ActiveCfg = Debug|Any CPU
		{551375E3-9504-450A-9481-CD9AEA7E7029}.Debug|Any CPU.Build.0 = Debug|Any CPU
		{551375E3-9504-450A-9481-CD9AEA7E7029}.Release|Any CPU.ActiveCfg = Release|Any CPU
		{551375E3-9504-450A-9481-CD9AEA7E7029}.Release|Any CPU.Build.0 = Release|Any CPU
		{C88F70C8-5B54-442A-9C64-540D865D27D7}.Debug|Any CPU.ActiveCfg = Debug|Any CPU
		{C88F70C8-5B54-442A-9C64-540D865D27D7}.Debug|Any CPU.Build.0 = Debug|Any CPU
		{C88F70C8-5B54-442A-9C64-540D865D27D7}.Release|Any CPU.ActiveCfg = Release|Any CPU
		{C88F70C8-5B54-442A-9C64-540D865D27D7}.Release|Any CPU.Build.0 = Release|Any CPU
	EndGlobalSection
	GlobalSection(SolutionProperties) = preSolution
		HideSolutionNode = FALSE
	EndGlobalSection
	GlobalSection(NestedProjects) = preSolution
		{E4054971-33CB-4FAD-998A-FDFE27E1C888} = {38768ACF-1098-4268-A3A4-044C6A969A53}
		{0008DE83-C554-41A2-8799-7BB33BF95624} = {E4054971-33CB-4FAD-998A-FDFE27E1C888}
		{99C7576F-458E-4FD8-98E9-8829A8B20A95} = {38768ACF-1098-4268-A3A4-044C6A969A53}
		{36A79F03-ED62-4246-B7CB-E700CFDBE2D5} = {99C7576F-458E-4FD8-98E9-8829A8B20A95}
		{6679190A-7B66-424F-9849-B936D51037A2} = {38768ACF-1098-4268-A3A4-044C6A969A53}
		{B3A77FA3-02AE-433F-9BF7-361A2E665E7D} = {6679190A-7B66-424F-9849-B936D51037A2}
		{088299D6-DB29-4559-B331-CE48F637C55A} = {38768ACF-1098-4268-A3A4-044C6A969A53}
		{D77E4474-958F-43EF-B99F-C1B2A67B4FD6} = {088299D6-DB29-4559-B331-CE48F637C55A}
		{B5013A88-65A6-4363-BEE3-6E50A36A821F} = {38768ACF-1098-4268-A3A4-044C6A969A53}
		{C5561467-13BF-4C8F-A7C8-1D3A1528EE04} = {B5013A88-65A6-4363-BEE3-6E50A36A821F}
		{DD7F2278-4561-429A-8030-D4106B56F41B} = {38768ACF-1098-4268-A3A4-044C6A969A53}
		{551375E3-9504-450A-9481-CD9AEA7E7029} = {DD7F2278-4561-429A-8030-D4106B56F41B}
		{8521FA8A-D134-4B14-84EF-B79B55719A4B} = {38768ACF-1098-4268-A3A4-044C6A969A53}
		{C88F70C8-5B54-442A-9C64-540D865D27D7} = {8521FA8A-D134-4B14-84EF-B79B55719A4B}
	EndGlobalSection
	GlobalSection(ExtensibilityGlobals) = postSolution
		SolutionGuid = {5F38CF90-F91A-45D4-83A5-B66267016FA8}
	EndGlobalSection
EndGlobal
