
Microsoft Visual Studio Solution File, Format Version 12.00
# Visual Studio Version 17
VisualStudioVersion = 17.9.34902.65
MinimumVisualStudioVersion = 10.0.40219.1
Project("{2150E333-8FDC-42A3-9474-1A3956D46DE8}") = "web_api", "web_api", "{38768ACF-1098-4268-A3A4-044C6A969A53}"
EndProject
Project("{2150E333-8FDC-42A3-9474-1A3956D46DE8}") = "1 - HTTP Methods", "1 - HTTP Methods", "{E4054971-33CB-4FAD-998A-FDFE27E1C888}"
EndProject
Project("{9A19103F-16F7-4668-BE54-9A1E7A4F7556}") = "http_methods", "web_api\1 - HTTP Methods\http_methods\http_methods.csproj", "{0008DE83-C554-41A2-8799-7BB33BF95624}"
EndProject
Project("{2150E333-8FDC-42A3-9474-1A3956D46DE8}") = "2 - Return Types in Web API", "2 - Return Types in Web API", "{99C7576F-458E-4FD8-98E9-8829A8B20A95}"
EndProject
Project("{9A19103F-16F7-4668-BE54-9A1E7A4F7556}") = "return_type_in_webapi", "web_api\2 - Return Types in Web API\return_type_in_webapi\return_type_in_webapi.csproj", "{36A79F03-ED62-4246-B7CB-E700CFDBE2D5}"
EndProject
Project("{2150E333-8FDC-42A3-9474-1A3956D46DE8}") = "3 - Principle of REST", "3 - Principle of REST", "{6679190A-7B66-424F-9849-B936D51037A2}"
EndProject
Project("{9A19103F-16F7-4668-BE54-9A1E7A4F7556}") = "principle_of_rest_architecture", "web_api\3 - Principle of REST\principle_of_rest_architecture\principle_of_rest_architecture.csproj", "{B3A77FA3-02AE-433F-9BF7-361A2E665E7D}"
EndProject
Project("{2150E333-8FDC-42A3-9474-1A3956D46DE8}") = "4 - Routing In Web API", "4 - Routing In Web API", "{088299D6-DB29-4559-B331-CE48F637C55A}"
EndProject
Project("{9A19103F-16F7-4668-BE54-9A1E7A4F7556}") = "routing_in_web_api", "web_api\4 - Routing In Web API\routing_in_web_api\routing_in_web_api.csproj", "{D77E4474-958F-43EF-B99F-C1B2A67B4FD6}"
EndProject
Project("{2150E333-8FDC-42A3-9474-1A3956D46DE8}") = "5 - IActionResult in Web API", "5 - IActionResult in Web API", "{B5013A88-65A6-4363-BEE3-6E50A36A821F}"
EndProject
Project("{9A19103F-16F7-4668-BE54-9A1E7A4F7556}") = "IActionResult_in_web_api", "web_api\5 - IActionResult in Web API\IActionResult_in_web_api\IActionResult_in_web_api.csproj", "{C5561467-13BF-4C8F-A7C8-1D3A1528EE04}"
EndProject
Project("{2150E333-8FDC-42A3-9474-1A3956D46DE8}") = "6 - Exception Filters in Web API", "6 - Exception Filters in Web API", "{DD7F2278-4561-429A-8030-D4106B56F41B}"
EndProject
Project("{9A19103F-16F7-4668-BE54-9A1E7A4F7556}") = "exception_filter", "web_api\6 - Exception Filters in Web API\exception_filter\exception_filter.csproj", "{551375E3-9504-450A-9481-CD9AEA7E7029}"
EndProject
Project("{2150E333-8FDC-42A3-9474-1A3956D46DE8}") = "7 - Error Handling in Web API", "7 - Error Handling in Web API", "{8521FA8A-D134-4B14-84EF-B79B55719A4B}"
EndProject
Project("{9A19103F-16F7-4668-BE54-9A1E7A4F7556}") = "error_handling_in_webapi", "web_api\7 - Error Handling in Web API\error_handling_in_webapi\error_handling_in_webapi.csproj", "{C88F70C8-5B54-442A-9C64-540D865D27D7}"
EndProject
Project("{2150E333-8FDC-42A3-9474-1A3956D46DE8}") = "8 - MediaTypeFormatters", "8 - MediaTypeFormatters", "{02FA7E3C-4E45-40CB-911A-E70F5FA7CF01}"
EndProject
Project("{2150E333-8FDC-42A3-9474-1A3956D46DE8}") = "Formatters in ASP.Net Web API", "Formatters in ASP.Net Web API", "{1AC93106-3600-49A0-9546-FD0CCCA5E112}"
EndProject
Project("{2150E333-8FDC-42A3-9474-1A3956D46DE8}") = "Formatters in ASP.Net Core Web API", "Formatters in ASP.Net Core Web API", "{DAAF5404-74FA-42E6-8B87-03348E1D0BD1}"
EndProject
Project("{FAE04EC0-301F-11D3-BF4B-00C04F79EFBC}") = "mediatype_formatters", "web_api\8 - MediaTypeFormatters\Formatters in ASP.Net Web API\mediatype_formatters\mediatype_formatters.csproj", "{97FA0DD4-BC5F-4E34-9901-3F92A9E38CC9}"
EndProject
Project("{9A19103F-16F7-4668-BE54-9A1E7A4F7556}") = "mediatype_formatters", "web_api\8 - MediaTypeFormatters\Formatters in ASP.Net Core Web API\mediatype_formatters\mediatype_formatters.csproj", "{CFA6CE79-5F45-40BE-BD61-D235F6012703}"
EndProject
Project("{2150E333-8FDC-42A3-9474-1A3956D46DE8}") = "9 - CORS Policy in Web API", "9 - CORS Policy in Web API", "{678D997E-B3F9-45E8-AE04-5415BA39A452}"
EndProject
Project("{9A19103F-16F7-4668-BE54-9A1E7A4F7556}") = "cors_policy", "web_api\9 - CORS Policy in Web API\cors_policy\cors_policy.csproj", "{F2CA1256-ABEA-40EC-89DD-6031D65E91FD}"
EndProject
Project("{2150E333-8FDC-42A3-9474-1A3956D46DE8}") = "10 - Web API 2.0", "10 - Web API 2.0", "{3700993B-8101-4D87-B8F8-4205BE5562FB}"
EndProject
Project("{9A19103F-16F7-4668-BE54-9A1E7A4F7556}") = "web_api_2.0", "web_api\10 - Web API 2.0\web_api_2.0\web_api_2.0.csproj", "{82029900-03C3-4080-A7B4-E0A6EA3187B3}"
EndProject
Project("{2150E333-8FDC-42A3-9474-1A3956D46DE8}") = "11 - Return_JSON_data_only", "11 - Return_JSON_data_only", "{A44580DA-B8C9-4331-81B8-455323141AF9}"
EndProject
Project("{9A19103F-16F7-4668-BE54-9A1E7A4F7556}") = "return_json_data_only", "web_api\11 - Return_JSON_data_only\return_json_data_only\return_json_data_only.csproj", "{6DCB4E37-8A56-4B2D-83BB-E1E8D134E1F1}"
EndProject
Project("{2150E333-8FDC-42A3-9474-1A3956D46DE8}") = "12 - Content Negotiation", "12 - Content Negotiation", "{222111D9-C10C-4602-9959-954AFF0A8DF7}"
EndProject
Project("{9A19103F-16F7-4668-BE54-9A1E7A4F7556}") = "content_negotiation_in_web_api", "web_api\12 - Content Negotiation\content_negotiation_in_web_api\content_negotiation_in_web_api.csproj", "{C8A557FD-F38D-43F3-96E5-FE145FA8DD89}"
EndProject
Project("{2150E333-8FDC-42A3-9474-1A3956D46DE8}") = "13 - Default Media-Type Supported", "13 - Default Media-Type Supported", "{FDD809B9-2391-4A21-89DB-62965D9F5C53}"
EndProject
Project("{9A19103F-16F7-4668-BE54-9A1E7A4F7556}") = "default_mediatype_supported", "web_api\13 - Default Media-Type Supported\default_mediatype_supported\default_mediatype_supported.csproj", "{167106DF-5D1E-4931-8B16-1A2A0BABE99B}"
EndProject
Project("{2150E333-8FDC-42A3-9474-1A3956D46DE8}") = "14 - Caching in Web API", "14 - Caching in Web API", "{E5CBB4EB-F64C-4780-BF91-554350AF0747}"
EndProject
Project("{9A19103F-16F7-4668-BE54-9A1E7A4F7556}") = "caching_in_web_api", "web_api\14 - Caching in Web API\caching_in_web_api\caching_in_web_api.csproj", "{2705E965-24C1-4B8A-B2CD-96E28E234C37}"
EndProject
Project("{2150E333-8FDC-42A3-9474-1A3956D46DE8}") = "15 - Filters in Web API", "15 - Filters in Web API", "{0F59D54E-E53E-4F83-9CF2-CFF0E3D8AFFF}"
EndProject
Project("{9A19103F-16F7-4668-BE54-9A1E7A4F7556}") = "filters_in_web_api", "web_api\15 - Filters in Web API\filters_in_web_api\filters_in_web_api.csproj", "{1F451AC9-5BA7-4C58-8148-0AADBB285CFC}"
EndProject
Project("{2150E333-8FDC-42A3-9474-1A3956D46DE8}") = "16 - API Versioning in Web API", "16 - API Versioning in Web API", "{337FB13F-E7C4-4642-9EE2-DA18761E709E}"
EndProject
Project("{9A19103F-16F7-4668-BE54-9A1E7A4F7556}") = "api_versioning_in_web_api", "web_api\16 - API Versioning in Web API\api_versioning_in_web_api\api_versioning_in_web_api.csproj", "{9E85DC83-A7AB-460A-8FAF-BD676FD2B3C7}"
EndProject
Project("{2150E333-8FDC-42A3-9474-1A3956D46DE8}") = "17 - Securing Web API", "17 - Securing Web API", "{0D29DA7B-0447-4A5F-9AB9-B7A164E701E4}"
EndProject
Project("{9A19103F-16F7-4668-BE54-9A1E7A4F7556}") = "securing_web_api", "web_api\17 - Securing Web API\securing_web_api\securing_web_api.csproj", "{DC91B581-1427-4977-B765-64674ED1C323}"
EndProject
Project("{2150E333-8FDC-42A3-9474-1A3956D46DE8}") = "18 - HATEOS in RESTful API", "18 - HATEOS in RESTful API", "{4B0854CB-9F2D-4676-901A-1B2AEC967820}"
EndProject
Project("{9A19103F-16F7-4668-BE54-9A1E7A4F7556}") = "hateos_in_restful_api", "web_api\18 - HATEOS in RESTful API\hateos_in_restful_api\hateos_in_restful_api.csproj", "{59494536-598B-4B36-AEEA-6FE23F0EBD66}"
EndProject
Project("{2150E333-8FDC-42A3-9474-1A3956D46DE8}") = "19 - Rate Limiting in Web API", "19 - Rate Limiting in Web API", "{583DF87D-7E09-492C-95A6-FC8852310493}"
EndProject
Project("{9A19103F-16F7-4668-BE54-9A1E7A4F7556}") = "rate_limiting_in_web_api", "web_api\19 - Rate Limiting in Web API\rate_limiting_in_web_api\rate_limiting_in_web_api.csproj", "{BF404683-607A-43AC-90B6-B4F53684C47D}"
EndProject
Project("{2150E333-8FDC-42A3-9474-1A3956D46DE8}") = "20 - Optimize the Performance of Web API", "20 - Optimize the Performance of Web API", "{5B32BF4A-D2CC-454C-984F-037F8B8E5CC9}"
EndProject
Project("{9A19103F-16F7-4668-BE54-9A1E7A4F7556}") = "optimizing_web_api_performance", "web_api\20 - Optimize the Performance of Web API\optimizing_web_api_performance\optimizing_web_api_performance.csproj", "{AA240CF8-5BAC-4ACF-B052-6A35B677AAF1}"
EndProject
Project("{2150E333-8FDC-42A3-9474-1A3956D46DE8}") = "21 - Global Exception Handling in Web API", "21 - Global Exception Handling in Web API", "{3F215A88-BE64-4800-9139-A9E1123D8098}"
EndProject
Project("{9A19103F-16F7-4668-BE54-9A1E7A4F7556}") = "global_exception_handling_in_web_api", "web_api\21 - Global Exception Handling in Web API\global_exception_handling_in_web_api\global_exception_handling_in_web_api.csproj", "{C7325270-2565-4946-B8E8-82EA43D1DFDE}"
EndProject
Project("{2150E333-8FDC-42A3-9474-1A3956D46DE8}") = "22 - Authentication in Web API", "22 - Authentication in Web API", "{4623ED2E-3186-4E8D-B780-4495B04C47D0}"
EndProject
Project("{9A19103F-16F7-4668-BE54-9A1E7A4F7556}") = "authentication_in_web_api", "web_api\22 - Authentication in Web API\authentication_in_web_api\authentication_in_web_api.csproj", "{6F395970-D67D-47C6-B0EB-782360AADDC1}"
EndProject
Project("{2150E333-8FDC-42A3-9474-1A3956D46DE8}") = "23 - Authorization in Web API", "23 - Authorization in Web API", "{7A124951-EC52-4E57-AAAB-A99A5C13475B}"
EndProject
Project("{9A19103F-16F7-4668-BE54-9A1E7A4F7556}") = "authorization_in_web_api", "web_api\23 - Authorization in Web API\authorization_in_web_api\authorization_in_web_api.csproj", "{F3CB07F9-6771-4BA7-8189-73BD42DDD995}"
EndProject
Project("{2150E333-8FDC-42A3-9474-1A3956D46DE8}") = "24 - JWT in Web API", "24 - JWT in Web API", "{A4CB2632-940C-499B-B71E-46AF4C05F171}"
EndProject
Project("{9A19103F-16F7-4668-BE54-9A1E7A4F7556}") = "jwt_in_web_api", "web_api\24 - JWT in Web API\jwt_in_web_api\jwt_in_web_api.csproj", "{4FB8FEBC-EE2F-4BB0-83CC-DAAA09721411}"
EndProject
Project("{2150E333-8FDC-42A3-9474-1A3956D46DE8}") = "25 - Paging, Sorting and Filtering in Web API", "25 - Paging, Sorting and Filtering in Web API", "{6EA4D857-6783-424C-AA94-31E8DEDCF6F6}"
EndProject
Project("{9A19103F-16F7-4668-BE54-9A1E7A4F7556}") = "paging_sorting_filtering_in_web_api", "web_api\25 - Paging, Sorting and Filtering in Web API\paging_sorting_filtering_in_web_api\paging_sorting_filtering_in_web_api.csproj", "{D82CC2EC-E6E3-4683-AF05-E264DA4A21C9}"
EndProject
Project("{2150E333-8FDC-42A3-9474-1A3956D46DE8}") = "26 - MVC VS Web API", "26 - MVC VS Web API", "{67C14DD9-3123-46AC-B879-1A542FCF6263}"
EndProject
Project("{9A19103F-16F7-4668-BE54-9A1E7A4F7556}") = "mvc_vs_web_api", "web_api\26 - MVC VS Web API\mvc_vs_web_api\mvc_vs_web_api.csproj", "{E0C31CBB-D59A-4AF1-867A-DF73EE34D749}"
EndProject
Project("{2150E333-8FDC-42A3-9474-1A3956D46DE8}") = "27 - DelegatingHandler in Web API", "27 - DelegatingHandler in Web API", "{8C73EA5C-6054-4BF3-8F71-FD899E06C8BA}"
EndProject
Project("{9A19103F-16F7-4668-BE54-9A1E7A4F7556}") = "delegatinghandler_in_web_api", "web_api\27 - DelegatingHandler in Web API\delegatinghandler_in_web_api\delegatinghandler_in_web_api.csproj", "{D9AA0936-FFF8-4333-892B-EBBDBE320C55}"
EndProject
Project("{2150E333-8FDC-42A3-9474-1A3956D46DE8}") = "28 - HttpPut and HttpPost", "28 - HttpPut and HttpPost", "{C8AA43DA-6EBD-4204-B3F9-7B971B51FAA5}"
EndProject
Project("{9A19103F-16F7-4668-BE54-9A1E7A4F7556}") = "httpput_and_httppost", "web_api\28 - HttpPut and HttpPost\httpput_and_httppost\httpput_and_httppost.csproj", "{C2761FC9-0E80-4BB1-92E7-974A9F5EDA13}"
EndProject
Project("{2150E333-8FDC-42A3-9474-1A3956D46DE8}") = "29 - Lifecycle of Web API Request", "29 - Lifecycle of Web API Request", "{BF91E733-16F0-4D2C-8B56-1B43F3383E50}"
EndProject
Project("{9A19103F-16F7-4668-BE54-9A1E7A4F7556}") = "request_lifecycle_of_web_api", "web_api\29 - Lifecycle of Web API Request\request_lifecycle_of_web_api\request_lifecycle_of_web_api.csproj", "{CD756C58-47A3-445E-911E-63B3D93550D4}"
EndProject
Project("{2150E333-8FDC-42A3-9474-1A3956D46DE8}") = "30 - Responses in Web API", "30 - Responses in Web API", "{ED6F00CF-3C65-4BF8-BC4B-D05BAAAAD9D0}"
EndProject
Project("{9A19103F-16F7-4668-BE54-9A1E7A4F7556}") = "responses_in_web_api", "web_api\30 - Responses in Web API\responses_in_web_api\responses_in_web_api.csproj", "{3B388099-0EC8-4214-9DA0-F3AB2ECB4368}"
EndProject
Project("{2150E333-8FDC-42A3-9474-1A3956D46DE8}") = "31 - Large File Upload in Web API", "31 - Large File Upload in Web API", "{5778C803-396F-48CC-8A4C-AFFBED2B3CAE}"
EndProject
Project("{9A19103F-16F7-4668-BE54-9A1E7A4F7556}") = "file_upload_in_web_api", "web_api\31 - Large File Upload in Web API\file_upload_in_web_api\file_upload_in_web_api.csproj", "{DE9C1BB7-A75C-4F46-9444-A1C2F50FC60B}"
EndProject
Project("{2150E333-8FDC-42A3-9474-1A3956D46DE8}") = "32 - List of Books in Web API", "32 - List of Books in Web API", "{B4C109AE-E2CF-4644-901A-07968CFF9FB0}"
EndProject
Project("{FAE04EC0-301F-11D3-BF4B-00C04F79EFBC}") = "managing_list_of_books_in_web_api", "web_api\32 - List of Books in Web API\managing_list_of_books_in_web_api\managing_list_of_books_in_web_api.csproj", "{B260E7F9-0531-4D52-BA7F-4E4165451036}"
EndProject
Project("{2150E333-8FDC-42A3-9474-1A3956D46DE8}") = "33 - Model Validation in Web API", "33 - Model Validation in Web API", "{E8086740-A5F5-48B7-A8FF-912DA3553195}"
EndProject
Project("{FAE04EC0-301F-11D3-BF4B-00C04F79EFBC}") = "model_validation_in_web_api", "web_api\33 - Model Validation in Web API\model_validation_in_web_api\model_validation_in_web_api.csproj", "{60EE731C-9713-4E52-B7F2-6A2E47553A98}"
EndProject
Project("{2150E333-8FDC-42A3-9474-1A3956D46DE8}") = "34 - Asynchronous Methods in Web API", "34 - Asynchronous Methods in Web API", "{4DDFD7D4-B206-45E7-99F9-20DA2539FD62}"
EndProject
Project("{FAE04EC0-301F-11D3-BF4B-00C04F79EFBC}") = "asynchronous_method_in_web_api", "web_api\34 - Asynchronous Methods in Web API\asynchronous_method_in_web_api\asynchronous_method_in_web_api.csproj", "{A6D1CBB8-7ABD-4434-8487-C87D18129D54}"
EndProject
Project("{2150E333-8FDC-42A3-9474-1A3956D46DE8}") = "35 - Depenedency Injection in Web API", "35 - Depenedency Injection in Web API", "{CDF02325-BD7D-4FF3-8BBA-2EBE953258A0}"
EndProject
Project("{FAE04EC0-301F-11D3-BF4B-00C04F79EFBC}") = "dependency_injection_in_web_api", "web_api\35 - Depenedency Injection in Web API\dependency_injection_in_web_api\dependency_injection_in_web_api.csproj", "{D7CA17A5-92A8-4587-897A-B4D02731160A}"
EndProject
Global
	GlobalSection(SolutionConfigurationPlatforms) = preSolution
		Debug|Any CPU = Debug|Any CPU
		Release|Any CPU = Release|Any CPU
	EndGlobalSection
	GlobalSection(ProjectConfigurationPlatforms) = postSolution
		{0008DE83-C554-41A2-8799-7BB33BF95624}.Debug|Any CPU.ActiveCfg = Debug|Any CPU
		{0008DE83-C554-41A2-8799-7BB33BF95624}.Debug|Any CPU.Build.0 = Debug|Any CPU
		{0008DE83-C554-41A2-8799-7BB33BF95624}.Release|Any CPU.ActiveCfg = Release|Any CPU
		{0008DE83-C554-41A2-8799-7BB33BF95624}.Release|Any CPU.Build.0 = Release|Any CPU
		{36A79F03-ED62-4246-B7CB-E700CFDBE2D5}.Debug|Any CPU.ActiveCfg = Debug|Any CPU
		{36A79F03-ED62-4246-B7CB-E700CFDBE2D5}.Debug|Any CPU.Build.0 = Debug|Any CPU
		{36A79F03-ED62-4246-B7CB-E700CFDBE2D5}.Release|Any CPU.ActiveCfg = Release|Any CPU
		{36A79F03-ED62-4246-B7CB-E700CFDBE2D5}.Release|Any CPU.Build.0 = Release|Any CPU
		{B3A77FA3-02AE-433F-9BF7-361A2E665E7D}.Debug|Any CPU.ActiveCfg = Debug|Any CPU
		{B3A77FA3-02AE-433F-9BF7-361A2E665E7D}.Debug|Any CPU.Build.0 = Debug|Any CPU
		{B3A77FA3-02AE-433F-9BF7-361A2E665E7D}.Release|Any CPU.ActiveCfg = Release|Any CPU
		{B3A77FA3-02AE-433F-9BF7-361A2E665E7D}.Release|Any CPU.Build.0 = Release|Any CPU
		{D77E4474-958F-43EF-B99F-C1B2A67B4FD6}.Debug|Any CPU.ActiveCfg = Debug|Any CPU
		{D77E4474-958F-43EF-B99F-C1B2A67B4FD6}.Debug|Any CPU.Build.0 = Debug|Any CPU
		{D77E4474-958F-43EF-B99F-C1B2A67B4FD6}.Release|Any CPU.ActiveCfg = Release|Any CPU
		{D77E4474-958F-43EF-B99F-C1B2A67B4FD6}.Release|Any CPU.Build.0 = Release|Any CPU
		{C5561467-13BF-4C8F-A7C8-1D3A1528EE04}.Debug|Any CPU.ActiveCfg = Debug|Any CPU
		{C5561467-13BF-4C8F-A7C8-1D3A1528EE04}.Debug|Any CPU.Build.0 = Debug|Any CPU
		{C5561467-13BF-4C8F-A7C8-1D3A1528EE04}.Release|Any CPU.ActiveCfg = Release|Any CPU
		{C5561467-13BF-4C8F-A7C8-1D3A1528EE04}.Release|Any CPU.Build.0 = Release|Any CPU
		{551375E3-9504-450A-9481-CD9AEA7E7029}.Debug|Any CPU.ActiveCfg = Debug|Any CPU
		{551375E3-9504-450A-9481-CD9AEA7E7029}.Debug|Any CPU.Build.0 = Debug|Any CPU
		{551375E3-9504-450A-9481-CD9AEA7E7029}.Release|Any CPU.ActiveCfg = Release|Any CPU
		{551375E3-9504-450A-9481-CD9AEA7E7029}.Release|Any CPU.Build.0 = Release|Any CPU
		{C88F70C8-5B54-442A-9C64-540D865D27D7}.Debug|Any CPU.ActiveCfg = Debug|Any CPU
		{C88F70C8-5B54-442A-9C64-540D865D27D7}.Debug|Any CPU.Build.0 = Debug|Any CPU
		{C88F70C8-5B54-442A-9C64-540D865D27D7}.Release|Any CPU.ActiveCfg = Release|Any CPU
		{C88F70C8-5B54-442A-9C64-540D865D27D7}.Release|Any CPU.Build.0 = Release|Any CPU
		{97FA0DD4-BC5F-4E34-9901-3F92A9E38CC9}.Debug|Any CPU.ActiveCfg = Debug|Any CPU
		{97FA0DD4-BC5F-4E34-9901-3F92A9E38CC9}.Debug|Any CPU.Build.0 = Debug|Any CPU
		{97FA0DD4-BC5F-4E34-9901-3F92A9E38CC9}.Release|Any CPU.ActiveCfg = Release|Any CPU
		{97FA0DD4-BC5F-4E34-9901-3F92A9E38CC9}.Release|Any CPU.Build.0 = Release|Any CPU
		{CFA6CE79-5F45-40BE-BD61-D235F6012703}.Debug|Any CPU.ActiveCfg = Debug|Any CPU
		{CFA6CE79-5F45-40BE-BD61-D235F6012703}.Debug|Any CPU.Build.0 = Debug|Any CPU
		{CFA6CE79-5F45-40BE-BD61-D235F6012703}.Release|Any CPU.ActiveCfg = Release|Any CPU
		{CFA6CE79-5F45-40BE-BD61-D235F6012703}.Release|Any CPU.Build.0 = Release|Any CPU
		{F2CA1256-ABEA-40EC-89DD-6031D65E91FD}.Debug|Any CPU.ActiveCfg = Debug|Any CPU
		{F2CA1256-ABEA-40EC-89DD-6031D65E91FD}.Debug|Any CPU.Build.0 = Debug|Any CPU
		{F2CA1256-ABEA-40EC-89DD-6031D65E91FD}.Release|Any CPU.ActiveCfg = Release|Any CPU
		{F2CA1256-ABEA-40EC-89DD-6031D65E91FD}.Release|Any CPU.Build.0 = Release|Any CPU
		{82029900-03C3-4080-A7B4-E0A6EA3187B3}.Debug|Any CPU.ActiveCfg = Debug|Any CPU
		{82029900-03C3-4080-A7B4-E0A6EA3187B3}.Debug|Any CPU.Build.0 = Debug|Any CPU
		{82029900-03C3-4080-A7B4-E0A6EA3187B3}.Release|Any CPU.ActiveCfg = Release|Any CPU
		{82029900-03C3-4080-A7B4-E0A6EA3187B3}.Release|Any CPU.Build.0 = Release|Any CPU
		{6DCB4E37-8A56-4B2D-83BB-E1E8D134E1F1}.Debug|Any CPU.ActiveCfg = Debug|Any CPU
		{6DCB4E37-8A56-4B2D-83BB-E1E8D134E1F1}.Debug|Any CPU.Build.0 = Debug|Any CPU
		{6DCB4E37-8A56-4B2D-83BB-E1E8D134E1F1}.Release|Any CPU.ActiveCfg = Release|Any CPU
		{6DCB4E37-8A56-4B2D-83BB-E1E8D134E1F1}.Release|Any CPU.Build.0 = Release|Any CPU
		{C8A557FD-F38D-43F3-96E5-FE145FA8DD89}.Debug|Any CPU.ActiveCfg = Debug|Any CPU
		{C8A557FD-F38D-43F3-96E5-FE145FA8DD89}.Debug|Any CPU.Build.0 = Debug|Any CPU
		{C8A557FD-F38D-43F3-96E5-FE145FA8DD89}.Release|Any CPU.ActiveCfg = Release|Any CPU
		{C8A557FD-F38D-43F3-96E5-FE145FA8DD89}.Release|Any CPU.Build.0 = Release|Any CPU
		{167106DF-5D1E-4931-8B16-1A2A0BABE99B}.Debug|Any CPU.ActiveCfg = Debug|Any CPU
		{167106DF-5D1E-4931-8B16-1A2A0BABE99B}.Debug|Any CPU.Build.0 = Debug|Any CPU
		{167106DF-5D1E-4931-8B16-1A2A0BABE99B}.Release|Any CPU.ActiveCfg = Release|Any CPU
		{167106DF-5D1E-4931-8B16-1A2A0BABE99B}.Release|Any CPU.Build.0 = Release|Any CPU
		{2705E965-24C1-4B8A-B2CD-96E28E234C37}.Debug|Any CPU.ActiveCfg = Debug|Any CPU
		{2705E965-24C1-4B8A-B2CD-96E28E234C37}.Debug|Any CPU.Build.0 = Debug|Any CPU
		{2705E965-24C1-4B8A-B2CD-96E28E234C37}.Release|Any CPU.ActiveCfg = Release|Any CPU
		{2705E965-24C1-4B8A-B2CD-96E28E234C37}.Release|Any CPU.Build.0 = Release|Any CPU
		{1F451AC9-5BA7-4C58-8148-0AADBB285CFC}.Debug|Any CPU.ActiveCfg = Debug|Any CPU
		{1F451AC9-5BA7-4C58-8148-0AADBB285CFC}.Debug|Any CPU.Build.0 = Debug|Any CPU
		{1F451AC9-5BA7-4C58-8148-0AADBB285CFC}.Release|Any CPU.ActiveCfg = Release|Any CPU
		{1F451AC9-5BA7-4C58-8148-0AADBB285CFC}.Release|Any CPU.Build.0 = Release|Any CPU
		{9E85DC83-A7AB-460A-8FAF-BD676FD2B3C7}.Debug|Any CPU.ActiveCfg = Debug|Any CPU
		{9E85DC83-A7AB-460A-8FAF-BD676FD2B3C7}.Debug|Any CPU.Build.0 = Debug|Any CPU
		{9E85DC83-A7AB-460A-8FAF-BD676FD2B3C7}.Release|Any CPU.ActiveCfg = Release|Any CPU
		{9E85DC83-A7AB-460A-8FAF-BD676FD2B3C7}.Release|Any CPU.Build.0 = Release|Any CPU
		{DC91B581-1427-4977-B765-64674ED1C323}.Debug|Any CPU.ActiveCfg = Debug|Any CPU
		{DC91B581-1427-4977-B765-64674ED1C323}.Debug|Any CPU.Build.0 = Debug|Any CPU
		{DC91B581-1427-4977-B765-64674ED1C323}.Release|Any CPU.ActiveCfg = Release|Any CPU
		{DC91B581-1427-4977-B765-64674ED1C323}.Release|Any CPU.Build.0 = Release|Any CPU
		{59494536-598B-4B36-AEEA-6FE23F0EBD66}.Debug|Any CPU.ActiveCfg = Debug|Any CPU
		{59494536-598B-4B36-AEEA-6FE23F0EBD66}.Debug|Any CPU.Build.0 = Debug|Any CPU
		{59494536-598B-4B36-AEEA-6FE23F0EBD66}.Release|Any CPU.ActiveCfg = Release|Any CPU
		{59494536-598B-4B36-AEEA-6FE23F0EBD66}.Release|Any CPU.Build.0 = Release|Any CPU
		{BF404683-607A-43AC-90B6-B4F53684C47D}.Debug|Any CPU.ActiveCfg = Debug|Any CPU
		{BF404683-607A-43AC-90B6-B4F53684C47D}.Debug|Any CPU.Build.0 = Debug|Any CPU
		{BF404683-607A-43AC-90B6-B4F53684C47D}.Release|Any CPU.ActiveCfg = Release|Any CPU
		{BF404683-607A-43AC-90B6-B4F53684C47D}.Release|Any CPU.Build.0 = Release|Any CPU
		{AA240CF8-5BAC-4ACF-B052-6A35B677AAF1}.Debug|Any CPU.ActiveCfg = Debug|Any CPU
		{AA240CF8-5BAC-4ACF-B052-6A35B677AAF1}.Debug|Any CPU.Build.0 = Debug|Any CPU
		{AA240CF8-5BAC-4ACF-B052-6A35B677AAF1}.Release|Any CPU.ActiveCfg = Release|Any CPU
		{AA240CF8-5BAC-4ACF-B052-6A35B677AAF1}.Release|Any CPU.Build.0 = Release|Any CPU
		{C7325270-2565-4946-B8E8-82EA43D1DFDE}.Debug|Any CPU.ActiveCfg = Debug|Any CPU
		{C7325270-2565-4946-B8E8-82EA43D1DFDE}.Debug|Any CPU.Build.0 = Debug|Any CPU
		{C7325270-2565-4946-B8E8-82EA43D1DFDE}.Release|Any CPU.ActiveCfg = Release|Any CPU
		{C7325270-2565-4946-B8E8-82EA43D1DFDE}.Release|Any CPU.Build.0 = Release|Any CPU
		{6F395970-D67D-47C6-B0EB-782360AADDC1}.Debug|Any CPU.ActiveCfg = Debug|Any CPU
		{6F395970-D67D-47C6-B0EB-782360AADDC1}.Debug|Any CPU.Build.0 = Debug|Any CPU
		{6F395970-D67D-47C6-B0EB-782360AADDC1}.Release|Any CPU.ActiveCfg = Release|Any CPU
		{6F395970-D67D-47C6-B0EB-782360AADDC1}.Release|Any CPU.Build.0 = Release|Any CPU
		{F3CB07F9-6771-4BA7-8189-73BD42DDD995}.Debug|Any CPU.ActiveCfg = Debug|Any CPU
		{F3CB07F9-6771-4BA7-8189-73BD42DDD995}.Debug|Any CPU.Build.0 = Debug|Any CPU
		{F3CB07F9-6771-4BA7-8189-73BD42DDD995}.Release|Any CPU.ActiveCfg = Release|Any CPU
		{F3CB07F9-6771-4BA7-8189-73BD42DDD995}.Release|Any CPU.Build.0 = Release|Any CPU
		{4FB8FEBC-EE2F-4BB0-83CC-DAAA09721411}.Debug|Any CPU.ActiveCfg = Debug|Any CPU
		{4FB8FEBC-EE2F-4BB0-83CC-DAAA09721411}.Debug|Any CPU.Build.0 = Debug|Any CPU
		{4FB8FEBC-EE2F-4BB0-83CC-DAAA09721411}.Release|Any CPU.ActiveCfg = Release|Any CPU
		{4FB8FEBC-EE2F-4BB0-83CC-DAAA09721411}.Release|Any CPU.Build.0 = Release|Any CPU
		{D82CC2EC-E6E3-4683-AF05-E264DA4A21C9}.Debug|Any CPU.ActiveCfg = Debug|Any CPU
		{D82CC2EC-E6E3-4683-AF05-E264DA4A21C9}.Debug|Any CPU.Build.0 = Debug|Any CPU
		{D82CC2EC-E6E3-4683-AF05-E264DA4A21C9}.Release|Any CPU.ActiveCfg = Release|Any CPU
		{D82CC2EC-E6E3-4683-AF05-E264DA4A21C9}.Release|Any CPU.Build.0 = Release|Any CPU
		{E0C31CBB-D59A-4AF1-867A-DF73EE34D749}.Debug|Any CPU.ActiveCfg = Debug|Any CPU
		{E0C31CBB-D59A-4AF1-867A-DF73EE34D749}.Debug|Any CPU.Build.0 = Debug|Any CPU
		{E0C31CBB-D59A-4AF1-867A-DF73EE34D749}.Release|Any CPU.ActiveCfg = Release|Any CPU
		{E0C31CBB-D59A-4AF1-867A-DF73EE34D749}.Release|Any CPU.Build.0 = Release|Any CPU
		{D9AA0936-FFF8-4333-892B-EBBDBE320C55}.Debug|Any CPU.ActiveCfg = Debug|Any CPU
		{D9AA0936-FFF8-4333-892B-EBBDBE320C55}.Debug|Any CPU.Build.0 = Debug|Any CPU
		{D9AA0936-FFF8-4333-892B-EBBDBE320C55}.Release|Any CPU.ActiveCfg = Release|Any CPU
		{D9AA0936-FFF8-4333-892B-EBBDBE320C55}.Release|Any CPU.Build.0 = Release|Any CPU
		{C2761FC9-0E80-4BB1-92E7-974A9F5EDA13}.Debug|Any CPU.ActiveCfg = Debug|Any CPU
		{C2761FC9-0E80-4BB1-92E7-974A9F5EDA13}.Debug|Any CPU.Build.0 = Debug|Any CPU
		{C2761FC9-0E80-4BB1-92E7-974A9F5EDA13}.Release|Any CPU.ActiveCfg = Release|Any CPU
		{C2761FC9-0E80-4BB1-92E7-974A9F5EDA13}.Release|Any CPU.Build.0 = Release|Any CPU
		{CD756C58-47A3-445E-911E-63B3D93550D4}.Debug|Any CPU.ActiveCfg = Debug|Any CPU
		{CD756C58-47A3-445E-911E-63B3D93550D4}.Debug|Any CPU.Build.0 = Debug|Any CPU
		{CD756C58-47A3-445E-911E-63B3D93550D4}.Release|Any CPU.ActiveCfg = Release|Any CPU
		{CD756C58-47A3-445E-911E-63B3D93550D4}.Release|Any CPU.Build.0 = Release|Any CPU
		{3B388099-0EC8-4214-9DA0-F3AB2ECB4368}.Debug|Any CPU.ActiveCfg = Debug|Any CPU
		{3B388099-0EC8-4214-9DA0-F3AB2ECB4368}.Debug|Any CPU.Build.0 = Debug|Any CPU
		{3B388099-0EC8-4214-9DA0-F3AB2ECB4368}.Release|Any CPU.ActiveCfg = Release|Any CPU
		{3B388099-0EC8-4214-9DA0-F3AB2ECB4368}.Release|Any CPU.Build.0 = Release|Any CPU
		{DE9C1BB7-A75C-4F46-9444-A1C2F50FC60B}.Debug|Any CPU.ActiveCfg = Debug|Any CPU
		{DE9C1BB7-A75C-4F46-9444-A1C2F50FC60B}.Debug|Any CPU.Build.0 = Debug|Any CPU
		{DE9C1BB7-A75C-4F46-9444-A1C2F50FC60B}.Release|Any CPU.ActiveCfg = Release|Any CPU
		{DE9C1BB7-A75C-4F46-9444-A1C2F50FC60B}.Release|Any CPU.Build.0 = Release|Any CPU
		{B260E7F9-0531-4D52-BA7F-4E4165451036}.Debug|Any CPU.ActiveCfg = Debug|Any CPU
		{B260E7F9-0531-4D52-BA7F-4E4165451036}.Debug|Any CPU.Build.0 = Debug|Any CPU
		{B260E7F9-0531-4D52-BA7F-4E4165451036}.Release|Any CPU.ActiveCfg = Release|Any CPU
		{B260E7F9-0531-4D52-BA7F-4E4165451036}.Release|Any CPU.Build.0 = Release|Any CPU
		{60EE731C-9713-4E52-B7F2-6A2E47553A98}.Debug|Any CPU.ActiveCfg = Debug|Any CPU
		{60EE731C-9713-4E52-B7F2-6A2E47553A98}.Debug|Any CPU.Build.0 = Debug|Any CPU
		{60EE731C-9713-4E52-B7F2-6A2E47553A98}.Release|Any CPU.ActiveCfg = Release|Any CPU
		{60EE731C-9713-4E52-B7F2-6A2E47553A98}.Release|Any CPU.Build.0 = Release|Any CPU
		{A6D1CBB8-7ABD-4434-8487-C87D18129D54}.Debug|Any CPU.ActiveCfg = Debug|Any CPU
		{A6D1CBB8-7ABD-4434-8487-C87D18129D54}.Debug|Any CPU.Build.0 = Debug|Any CPU
		{A6D1CBB8-7ABD-4434-8487-C87D18129D54}.Release|Any CPU.ActiveCfg = Release|Any CPU
		{A6D1CBB8-7ABD-4434-8487-C87D18129D54}.Release|Any CPU.Build.0 = Release|Any CPU
		{D7CA17A5-92A8-4587-897A-B4D02731160A}.Debug|Any CPU.ActiveCfg = Debug|Any CPU
		{D7CA17A5-92A8-4587-897A-B4D02731160A}.Debug|Any CPU.Build.0 = Debug|Any CPU
		{D7CA17A5-92A8-4587-897A-B4D02731160A}.Release|Any CPU.ActiveCfg = Release|Any CPU
		{D7CA17A5-92A8-4587-897A-B4D02731160A}.Release|Any CPU.Build.0 = Release|Any CPU
	EndGlobalSection
	GlobalSection(SolutionProperties) = preSolution
		HideSolutionNode = FALSE
	EndGlobalSection
	GlobalSection(NestedProjects) = preSolution
		{E4054971-33CB-4FAD-998A-FDFE27E1C888} = {38768ACF-1098-4268-A3A4-044C6A969A53}
		{0008DE83-C554-41A2-8799-7BB33BF95624} = {E4054971-33CB-4FAD-998A-FDFE27E1C888}
		{99C7576F-458E-4FD8-98E9-8829A8B20A95} = {38768ACF-1098-4268-A3A4-044C6A969A53}
		{36A79F03-ED62-4246-B7CB-E700CFDBE2D5} = {99C7576F-458E-4FD8-98E9-8829A8B20A95}
		{6679190A-7B66-424F-9849-B936D51037A2} = {38768ACF-1098-4268-A3A4-044C6A969A53}
		{B3A77FA3-02AE-433F-9BF7-361A2E665E7D} = {6679190A-7B66-424F-9849-B936D51037A2}
		{088299D6-DB29-4559-B331-CE48F637C55A} = {38768ACF-1098-4268-A3A4-044C6A969A53}
		{D77E4474-958F-43EF-B99F-C1B2A67B4FD6} = {088299D6-DB29-4559-B331-CE48F637C55A}
		{B5013A88-65A6-4363-BEE3-6E50A36A821F} = {38768ACF-1098-4268-A3A4-044C6A969A53}
		{C5561467-13BF-4C8F-A7C8-1D3A1528EE04} = {B5013A88-65A6-4363-BEE3-6E50A36A821F}
		{DD7F2278-4561-429A-8030-D4106B56F41B} = {38768ACF-1098-4268-A3A4-044C6A969A53}
		{551375E3-9504-450A-9481-CD9AEA7E7029} = {DD7F2278-4561-429A-8030-D4106B56F41B}
		{8521FA8A-D134-4B14-84EF-B79B55719A4B} = {38768ACF-1098-4268-A3A4-044C6A969A53}
		{C88F70C8-5B54-442A-9C64-540D865D27D7} = {8521FA8A-D134-4B14-84EF-B79B55719A4B}
		{02FA7E3C-4E45-40CB-911A-E70F5FA7CF01} = {38768ACF-1098-4268-A3A4-044C6A969A53}
		{1AC93106-3600-49A0-9546-FD0CCCA5E112} = {02FA7E3C-4E45-40CB-911A-E70F5FA7CF01}
		{DAAF5404-74FA-42E6-8B87-03348E1D0BD1} = {02FA7E3C-4E45-40CB-911A-E70F5FA7CF01}
		{97FA0DD4-BC5F-4E34-9901-3F92A9E38CC9} = {1AC93106-3600-49A0-9546-FD0CCCA5E112}
		{CFA6CE79-5F45-40BE-BD61-D235F6012703} = {DAAF5404-74FA-42E6-8B87-03348E1D0BD1}
		{678D997E-B3F9-45E8-AE04-5415BA39A452} = {38768ACF-1098-4268-A3A4-044C6A969A53}
		{F2CA1256-ABEA-40EC-89DD-6031D65E91FD} = {678D997E-B3F9-45E8-AE04-5415BA39A452}
		{3700993B-8101-4D87-B8F8-4205BE5562FB} = {38768ACF-1098-4268-A3A4-044C6A969A53}
		{82029900-03C3-4080-A7B4-E0A6EA3187B3} = {3700993B-8101-4D87-B8F8-4205BE5562FB}
		{A44580DA-B8C9-4331-81B8-455323141AF9} = {38768ACF-1098-4268-A3A4-044C6A969A53}
		{6DCB4E37-8A56-4B2D-83BB-E1E8D134E1F1} = {A44580DA-B8C9-4331-81B8-455323141AF9}
		{222111D9-C10C-4602-9959-954AFF0A8DF7} = {38768ACF-1098-4268-A3A4-044C6A969A53}
		{C8A557FD-F38D-43F3-96E5-FE145FA8DD89} = {222111D9-C10C-4602-9959-954AFF0A8DF7}
		{FDD809B9-2391-4A21-89DB-62965D9F5C53} = {38768ACF-1098-4268-A3A4-044C6A969A53}
		{167106DF-5D1E-4931-8B16-1A2A0BABE99B} = {FDD809B9-2391-4A21-89DB-62965D9F5C53}
		{E5CBB4EB-F64C-4780-BF91-554350AF0747} = {38768ACF-1098-4268-A3A4-044C6A969A53}
		{2705E965-24C1-4B8A-B2CD-96E28E234C37} = {E5CBB4EB-F64C-4780-BF91-554350AF0747}
		{0F59D54E-E53E-4F83-9CF2-CFF0E3D8AFFF} = {38768ACF-1098-4268-A3A4-044C6A969A53}
		{1F451AC9-5BA7-4C58-8148-0AADBB285CFC} = {0F59D54E-E53E-4F83-9CF2-CFF0E3D8AFFF}
		{337FB13F-E7C4-4642-9EE2-DA18761E709E} = {38768ACF-1098-4268-A3A4-044C6A969A53}
		{9E85DC83-A7AB-460A-8FAF-BD676FD2B3C7} = {337FB13F-E7C4-4642-9EE2-DA18761E709E}
		{0D29DA7B-0447-4A5F-9AB9-B7A164E701E4} = {38768ACF-1098-4268-A3A4-044C6A969A53}
		{DC91B581-1427-4977-B765-64674ED1C323} = {0D29DA7B-0447-4A5F-9AB9-B7A164E701E4}
		{4B0854CB-9F2D-4676-901A-1B2AEC967820} = {38768ACF-1098-4268-A3A4-044C6A969A53}
		{59494536-598B-4B36-AEEA-6FE23F0EBD66} = {4B0854CB-9F2D-4676-901A-1B2AEC967820}
		{583DF87D-7E09-492C-95A6-FC8852310493} = {38768ACF-1098-4268-A3A4-044C6A969A53}
		{BF404683-607A-43AC-90B6-B4F53684C47D} = {583DF87D-7E09-492C-95A6-FC8852310493}
		{5B32BF4A-D2CC-454C-984F-037F8B8E5CC9} = {38768ACF-1098-4268-A3A4-044C6A969A53}
		{AA240CF8-5BAC-4ACF-B052-6A35B677AAF1} = {5B32BF4A-D2CC-454C-984F-037F8B8E5CC9}
		{3F215A88-BE64-4800-9139-A9E1123D8098} = {38768ACF-1098-4268-A3A4-044C6A969A53}
		{C7325270-2565-4946-B8E8-82EA43D1DFDE} = {3F215A88-BE64-4800-9139-A9E1123D8098}
		{4623ED2E-3186-4E8D-B780-4495B04C47D0} = {38768ACF-1098-4268-A3A4-044C6A969A53}
		{6F395970-D67D-47C6-B0EB-782360AADDC1} = {4623ED2E-3186-4E8D-B780-4495B04C47D0}
		{7A124951-EC52-4E57-AAAB-A99A5C13475B} = {38768ACF-1098-4268-A3A4-044C6A969A53}
		{F3CB07F9-6771-4BA7-8189-73BD42DDD995} = {7A124951-EC52-4E57-AAAB-A99A5C13475B}
		{A4CB2632-940C-499B-B71E-46AF4C05F171} = {38768ACF-1098-4268-A3A4-044C6A969A53}
		{4FB8FEBC-EE2F-4BB0-83CC-DAAA09721411} = {A4CB2632-940C-499B-B71E-46AF4C05F171}
		{6EA4D857-6783-424C-AA94-31E8DEDCF6F6} = {38768ACF-1098-4268-A3A4-044C6A969A53}
		{D82CC2EC-E6E3-4683-AF05-E264DA4A21C9} = {6EA4D857-6783-424C-AA94-31E8DEDCF6F6}
		{67C14DD9-3123-46AC-B879-1A542FCF6263} = {38768ACF-1098-4268-A3A4-044C6A969A53}
		{E0C31CBB-D59A-4AF1-867A-DF73EE34D749} = {67C14DD9-3123-46AC-B879-1A542FCF6263}
		{8C73EA5C-6054-4BF3-8F71-FD899E06C8BA} = {38768ACF-1098-4268-A3A4-044C6A969A53}
		{D9AA0936-FFF8-4333-892B-EBBDBE320C55} = {8C73EA5C-6054-4BF3-8F71-FD899E06C8BA}
		{C8AA43DA-6EBD-4204-B3F9-7B971B51FAA5} = {38768ACF-1098-4268-A3A4-044C6A969A53}
		{C2761FC9-0E80-4BB1-92E7-974A9F5EDA13} = {C8AA43DA-6EBD-4204-B3F9-7B971B51FAA5}
		{BF91E733-16F0-4D2C-8B56-1B43F3383E50} = {38768ACF-1098-4268-A3A4-044C6A969A53}
		{CD756C58-47A3-445E-911E-63B3D93550D4} = {BF91E733-16F0-4D2C-8B56-1B43F3383E50}
		{ED6F00CF-3C65-4BF8-BC4B-D05BAAAAD9D0} = {38768ACF-1098-4268-A3A4-044C6A969A53}
		{3B388099-0EC8-4214-9DA0-F3AB2ECB4368} = {ED6F00CF-3C65-4BF8-BC4B-D05BAAAAD9D0}
		{5778C803-396F-48CC-8A4C-AFFBED2B3CAE} = {38768ACF-1098-4268-A3A4-044C6A969A53}
		{DE9C1BB7-A75C-4F46-9444-A1C2F50FC60B} = {5778C803-396F-48CC-8A4C-AFFBED2B3CAE}
		{B4C109AE-E2CF-4644-901A-07968CFF9FB0} = {38768ACF-1098-4268-A3A4-044C6A969A53}
		{B260E7F9-0531-4D52-BA7F-4E4165451036} = {B4C109AE-E2CF-4644-901A-07968CFF9FB0}
		{E8086740-A5F5-48B7-A8FF-912DA3553195} = {38768ACF-1098-4268-A3A4-044C6A969A53}
		{60EE731C-9713-4E52-B7F2-6A2E47553A98} = {E8086740-A5F5-48B7-A8FF-912DA3553195}
		{4DDFD7D4-B206-45E7-99F9-20DA2539FD62} = {38768ACF-1098-4268-A3A4-044C6A969A53}
		{A6D1CBB8-7ABD-4434-8487-C87D18129D54} = {4DDFD7D4-B206-45E7-99F9-20DA2539FD62}
		{CDF02325-BD7D-4FF3-8BBA-2EBE953258A0} = {38768ACF-1098-4268-A3A4-044C6A969A53}
		{D7CA17A5-92A8-4587-897A-B4D02731160A} = {CDF02325-BD7D-4FF3-8BBA-2EBE953258A0}
	EndGlobalSection
	GlobalSection(ExtensibilityGlobals) = postSolution
		SolutionGuid = {5F38CF90-F91A-45D4-83A5-B66267016FA8}
	EndGlobalSection
EndGlobal
